// !$*UTF8*$!
{
	archiveVersion = 1;
	classes = {
	};
	objectVersion = 77;
	objects = {

/* Begin PBXBuildFile section */
		78B497892E03CD22008C6DF4 /* viewer.swift in Sources */ = {isa = PBXBuildFile; fileRef = 78B497882E03CD22008C6DF4 /* viewer.swift */; };
/* End PBXBuildFile section */

/* Begin PBXContainerItemProxy section */
		7871F7C02DFAAA52008F1026 /* PBXContainerItemProxy */ = {
			isa = PBXContainerItemProxy;
			containerPortal = 7871F7AA2DFAAA50008F1026 /* Project object */;
			proxyType = 1;
			remoteGlobalIDString = 7871F7B12DFAAA50008F1026;
			remoteInfo = "Horror Game";
		};
		7871F7CA2DFAAA52008F1026 /* PBXContainerItemProxy */ = {
			isa = PBXContainerItemProxy;
			containerPortal = 7871F7AA2DFAAA50008F1026 /* Project object */;
			proxyType = 1;
			remoteGlobalIDString = 7871F7B12DFAAA50008F1026;
			remoteInfo = "Horror Game";
		};
/* End PBXContainerItemProxy section */

/* Begin PBXFileReference section */
		7871F7B22DFAAA50008F1026 /* Horror Game.app */ = {isa = PBXFileReference; explicitFileType = wrapper.application; includeInIndex = 0; path = "Horror Game.app"; sourceTree = BUILT_PRODUCTS_DIR; };
		7871F7BF2DFAAA52008F1026 /* Horror GameTests.xctest */ = {isa = PBXFileReference; explicitFileType = wrapper.cfbundle; includeInIndex = 0; path = "Horror GameTests.xctest"; sourceTree = BUILT_PRODUCTS_DIR; };
		7871F7C92DFAAA52008F1026 /* Horror GameUITests.xctest */ = {isa = PBXFileReference; explicitFileType = wrapper.cfbundle; includeInIndex = 0; path = "Horror GameUITests.xctest"; sourceTree = BUILT_PRODUCTS_DIR; };
		78B497882E03CD22008C6DF4 /* viewer.swift */ = {isa = PBXFileReference; lastKnownFileType = sourcecode.swift; path = viewer.swift; sourceTree = "<group>"; };
/* End PBXFileReference section */

/* Begin PBXFileSystemSynchronizedRootGroup section */
		7868E8CB2E0815A600280B8C /* oreantationmanager */ = {
			isa = PBXFileSystemSynchronizedRootGroup;
			path = oreantationmanager;
			sourceTree = "<group>";
		};
		7871F7B42DFAAA50008F1026 /* Horror Game */ = {
			isa = PBXFileSystemSynchronizedRootGroup;
			path = "Horror Game";
			sourceTree = "<group>";
		};
		7871F7C22DFAAA52008F1026 /* Horror GameTests */ = {
			isa = PBXFileSystemSynchronizedRootGroup;
			path = "Horror GameTests";
			sourceTree = "<group>";
		};
		7871F7CC2DFAAA52008F1026 /* Horror GameUITests */ = {
			isa = PBXFileSystemSynchronizedRootGroup;
			path = "Horror GameUITests";
			sourceTree = "<group>";
		};
		78A291B82DFBF44300AA6AA9 /* Sound Effects */ = {
			isa = PBXFileSystemSynchronizedRootGroup;
			path = "Sound Effects";
			sourceTree = "<group>";
		};
/* End PBXFileSystemSynchronizedRootGroup section */

/* Begin PBXFrameworksBuildPhase section */
		7871F7AF2DFAAA50008F1026 /* Frameworks */ = {
			isa = PBXFrameworksBuildPhase;
			buildActionMask = 2147483647;
			files = (
			);
			runOnlyForDeploymentPostprocessing = 0;
		};
		7871F7BC2DFAAA52008F1026 /* Frameworks */ = {
			isa = PBXFrameworksBuildPhase;
			buildActionMask = 2147483647;
			files = (
			);
			runOnlyForDeploymentPostprocessing = 0;
		};
		7871F7C62DFAAA52008F1026 /* Frameworks */ = {
			isa = PBXFrameworksBuildPhase;
			buildActionMask = 2147483647;
			files = (
			);
			runOnlyForDeploymentPostprocessing = 0;
		};
/* End PBXFrameworksBuildPhase section */

/* Begin PBXGroup section */
		7871F7A92DFAAA50008F1026 = {
			isa = PBXGroup;
			children = (
				7868E8CB2E0815A600280B8C /* oreantationmanager */,
				78B497882E03CD22008C6DF4 /* viewer.swift */,
				78A291B82DFBF44300AA6AA9 /* Sound Effects */,
				7871F7B42DFAAA50008F1026 /* Horror Game */,
				7871F7C22DFAAA52008F1026 /* Horror GameTests */,
				7871F7CC2DFAAA52008F1026 /* Horror GameUITests */,
				7871F7B32DFAAA50008F1026 /* Products */,
			);
			sourceTree = "<group>";
		};
		7871F7B32DFAAA50008F1026 /* Products */ = {
			isa = PBXGroup;
			children = (
				7871F7B22DFAAA50008F1026 /* Horror Game.app */,
				7871F7BF2DFAAA52008F1026 /* Horror GameTests.xctest */,
				7871F7C92DFAAA52008F1026 /* Horror GameUITests.xctest */,
			);
			name = Products;
			sourceTree = "<group>";
		};
/* End PBXGroup section */

/* Begin PBXNativeTarget section */
		7871F7B12DFAAA50008F1026 /* Horror Game */ = {
			isa = PBXNativeTarget;
			buildConfigurationList = 7871F7D32DFAAA52008F1026 /* Build configuration list for PBXNativeTarget "Horror Game" */;
			buildPhases = (
				7871F7AE2DFAAA50008F1026 /* Sources */,
				7871F7AF2DFAAA50008F1026 /* Frameworks */,
				7871F7B02DFAAA50008F1026 /* Resources */,
			);
			buildRules = (
			);
			dependencies = (
			);
			fileSystemSynchronizedGroups = (
				7868E8CB2E0815A600280B8C /* oreantationmanager */,
				7871F7B42DFAAA50008F1026 /* Horror Game */,
				78A291B82DFBF44300AA6AA9 /* Sound Effects */,
			);
			name = "Horror Game";
			packageProductDependencies = (
			);
			productName = "Horror Game";
			productReference = 7871F7B22DFAAA50008F1026 /* Horror Game.app */;
			productType = "com.apple.product-type.application";
		};
		7871F7BE2DFAAA52008F1026 /* Horror GameTests */ = {
			isa = PBXNativeTarget;
			buildConfigurationList = 7871F7D62DFAAA52008F1026 /* Build configuration list for PBXNativeTarget "Horror GameTests" */;
			buildPhases = (
				7871F7BB2DFAAA52008F1026 /* Sources */,
				7871F7BC2DFAAA52008F1026 /* Frameworks */,
				7871F7BD2DFAAA52008F1026 /* Resources */,
			);
			buildRules = (
			);
			dependencies = (
				7871F7C12DFAAA52008F1026 /* PBXTargetDependency */,
			);
			fileSystemSynchronizedGroups = (
				7871F7C22DFAAA52008F1026 /* Horror GameTests */,
			);
			name = "Horror GameTests";
			packageProductDependencies = (
			);
			productName = "Horror GameTests";
			productReference = 7871F7BF2DFAAA52008F1026 /* Horror GameTests.xctest */;
			productType = "com.apple.product-type.bundle.unit-test";
		};
		7871F7C82DFAAA52008F1026 /* Horror GameUITests */ = {
			isa = PBXNativeTarget;
			buildConfigurationList = 7871F7D92DFAAA52008F1026 /* Build configuration list for PBXNativeTarget "Horror GameUITests" */;
			buildPhases = (
				7871F7C52DFAAA52008F1026 /* Sources */,
				7871F7C62DFAAA52008F1026 /* Frameworks */,
				7871F7C72DFAAA52008F1026 /* Resources */,
			);
			buildRules = (
			);
			dependencies = (
				7871F7CB2DFAAA52008F1026 /* PBXTargetDependency */,
			);
			fileSystemSynchronizedGroups = (
				7871F7CC2DFAAA52008F1026 /* Horror GameUITests */,
			);
			name = "Horror GameUITests";
			packageProductDependencies = (
			);
			productName = "Horror GameUITests";
			productReference = 7871F7C92DFAAA52008F1026 /* Horror GameUITests.xctest */;
			productType = "com.apple.product-type.bundle.ui-testing";
		};
/* End PBXNativeTarget section */

/* Begin PBXProject section */
		7871F7AA2DFAAA50008F1026 /* Project object */ = {
			isa = PBXProject;
			attributes = {
				BuildIndependentTargetsInParallel = 1;
				LastSwiftUpdateCheck = 1630;
				LastUpgradeCheck = 1630;
				TargetAttributes = {
					7871F7B12DFAAA50008F1026 = {
						CreatedOnToolsVersion = 16.3;
					};
					7871F7BE2DFAAA52008F1026 = {
						CreatedOnToolsVersion = 16.3;
						TestTargetID = 7871F7B12DFAAA50008F1026;
					};
					7871F7C82DFAAA52008F1026 = {
						CreatedOnToolsVersion = 16.3;
						TestTargetID = 7871F7B12DFAAA50008F1026;
					};
				};
			};
			buildConfigurationList = 7871F7AD2DFAAA50008F1026 /* Build configuration list for PBXProject "Horror Game" */;
			developmentRegion = en;
			hasScannedForEncodings = 0;
			knownRegions = (
				en,
				Base,
			);
			mainGroup = 7871F7A92DFAAA50008F1026;
			minimizedProjectReferenceProxies = 1;
			preferredProjectObjectVersion = 77;
			productRefGroup = 7871F7B32DFAAA50008F1026 /* Products */;
			projectDirPath = "";
			projectRoot = "";
			targets = (
				7871F7B12DFAAA50008F1026 /* Horror Game */,
				7871F7BE2DFAAA52008F1026 /* Horror GameTests */,
				7871F7C82DFAAA52008F1026 /* Horror GameUITests */,
			);
		};
/* End PBXProject section */

/* Begin PBXResourcesBuildPhase section */
		7871F7B02DFAAA50008F1026 /* Resources */ = {
			isa = PBXResourcesBuildPhase;
			buildActionMask = 2147483647;
			files = (
			);
			runOnlyForDeploymentPostprocessing = 0;
		};
		7871F7BD2DFAAA52008F1026 /* Resources */ = {
			isa = PBXResourcesBuildPhase;
			buildActionMask = 2147483647;
			files = (
			);
			runOnlyForDeploymentPostprocessing = 0;
		};
		7871F7C72DFAAA52008F1026 /* Resources */ = {
			isa = PBXResourcesBuildPhase;
			buildActionMask = 2147483647;
			files = (
			);
			runOnlyForDeploymentPostprocessing = 0;
		};
/* End PBXResourcesBuildPhase section */

/* Begin PBXSourcesBuildPhase section */
		7871F7AE2DFAAA50008F1026 /* Sources */ = {
			isa = PBXSourcesBuildPhase;
			buildActionMask = 2147483647;
			files = (
				78B497892E03CD22008C6DF4 /* viewer.swift in Sources */,
			);
			runOnlyForDeploymentPostprocessing = 0;
		};
		7871F7BB2DFAAA52008F1026 /* Sources */ = {
			isa = PBXSourcesBuildPhase;
			buildActionMask = 2147483647;
			files = (
			);
			runOnlyForDeploymentPostprocessing = 0;
		};
		7871F7C52DFAAA52008F1026 /* Sources */ = {
			isa = PBXSourcesBuildPhase;
			buildActionMask = 2147483647;
			files = (
			);
			runOnlyForDeploymentPostprocessing = 0;
		};
/* End PBXSourcesBuildPhase section */

/* Begin PBXTargetDependency section */
		7871F7C12DFAAA52008F1026 /* PBXTargetDependency */ = {
			isa = PBXTargetDependency;
			target = 7871F7B12DFAAA50008F1026 /* Horror Game */;
			targetProxy = 7871F7C02DFAAA52008F1026 /* PBXContainerItemProxy */;
		};
		7871F7CB2DFAAA52008F1026 /* PBXTargetDependency */ = {
			isa = PBXTargetDependency;
			target = 7871F7B12DFAAA50008F1026 /* Horror Game */;
			targetProxy = 7871F7CA2DFAAA52008F1026 /* PBXContainerItemProxy */;
		};
/* End PBXTargetDependency section */

/* Begin XCBuildConfiguration section */
		7871F7D12DFAAA52008F1026 /* Debug */ = {
			isa = XCBuildConfiguration;
			buildSettings = {
				ALWAYS_SEARCH_USER_PATHS = NO;
				ASSETCATALOG_COMPILER_GENERATE_SWIFT_ASSET_SYMBOL_EXTENSIONS = YES;
				CLANG_ANALYZER_NONNULL = YES;
				CLANG_ANALYZER_NUMBER_OBJECT_CONVERSION = YES_AGGRESSIVE;
				CLANG_CXX_LANGUAGE_STANDARD = "gnu++20";
				CLANG_ENABLE_MODULES = YES;
				CLANG_ENABLE_OBJC_ARC = YES;
				CLANG_ENABLE_OBJC_WEAK = YES;
				CLANG_WARN_BLOCK_CAPTURE_AUTORELEASING = YES;
				CLANG_WARN_BOOL_CONVERSION = YES;
				CLANG_WARN_COMMA = YES;
				CLANG_WARN_CONSTANT_CONVERSION = YES;
				CLANG_WARN_DEPRECATED_OBJC_IMPLEMENTATIONS = YES;
				CLANG_WARN_DIRECT_OBJC_ISA_USAGE = YES_ERROR;
				CLANG_WARN_DOCUMENTATION_COMMENTS = YES;
				CLANG_WARN_EMPTY_BODY = YES;
				CLANG_WARN_ENUM_CONVERSION = YES;
				CLANG_WARN_INFINITE_RECURSION = YES;
				CLANG_WARN_INT_CONVERSION = YES;
				CLANG_WARN_NON_LITERAL_NULL_CONVERSION = YES;
				CLANG_WARN_OBJC_IMPLICIT_RETAIN_SELF = YES;
				CLANG_WARN_OBJC_LITERAL_CONVERSION = YES;
				CLANG_WARN_OBJC_ROOT_CLASS = YES_ERROR;
				CLANG_WARN_QUOTED_INCLUDE_IN_FRAMEWORK_HEADER = YES;
				CLANG_WARN_RANGE_LOOP_ANALYSIS = YES;
				CLANG_WARN_STRICT_PROTOTYPES = YES;
				CLANG_WARN_SUSPICIOUS_MOVE = YES;
				CLANG_WARN_UNGUARDED_AVAILABILITY = YES_AGGRESSIVE;
				CLANG_WARN_UNREACHABLE_CODE = YES;
				CLANG_WARN__DUPLICATE_METHOD_MATCH = YES;
				COPY_PHASE_STRIP = NO;
				DEBUG_INFORMATION_FORMAT = dwarf;
				ENABLE_STRICT_OBJC_MSGSEND = YES;
				ENABLE_TESTABILITY = YES;
				ENABLE_USER_SCRIPT_SANDBOXING = YES;
				GCC_C_LANGUAGE_STANDARD = gnu17;
				GCC_DYNAMIC_NO_PIC = NO;
				GCC_NO_COMMON_BLOCKS = YES;
				GCC_OPTIMIZATION_LEVEL = 0;
				GCC_PREPROCESSOR_DEFINITIONS = (
					"DEBUG=1",
					"$(inherited)",
				);
				GCC_WARN_64_TO_32_BIT_CONVERSION = YES;
				GCC_WARN_ABOUT_RETURN_TYPE = YES_ERROR;
				GCC_WARN_UNDECLARED_SELECTOR = YES;
				GCC_WARN_UNINITIALIZED_AUTOS = YES_AGGRESSIVE;
				GCC_WARN_UNUSED_FUNCTION = YES;
				GCC_WARN_UNUSED_VARIABLE = YES;
				IPHONEOS_DEPLOYMENT_TARGET = 18.4;
				LOCALIZATION_PREFERS_STRING_CATALOGS = YES;
				MTL_ENABLE_DEBUG_INFO = INCLUDE_SOURCE;
				MTL_FAST_MATH = YES;
				ONLY_ACTIVE_ARCH = YES;
				SDKROOT = iphoneos;
				SWIFT_ACTIVE_COMPILATION_CONDITIONS = "DEBUG $(inherited)";
				SWIFT_OPTIMIZATION_LEVEL = "-Onone";
			};
			name = Debug;
		};
		7871F7D22DFAAA52008F1026 /* Release */ = {
			isa = XCBuildConfiguration;
			buildSettings = {
				ALWAYS_SEARCH_USER_PATHS = NO;
				ASSETCATALOG_COMPILER_GENERATE_SWIFT_ASSET_SYMBOL_EXTENSIONS = YES;
				CLANG_ANALYZER_NONNULL = YES;
				CLANG_ANALYZER_NUMBER_OBJECT_CONVERSION = YES_AGGRESSIVE;
				CLANG_CXX_LANGUAGE_STANDARD = "gnu++20";
				CLANG_ENABLE_MODULES = YES;
				CLANG_ENABLE_OBJC_ARC = YES;
				CLANG_ENABLE_OBJC_WEAK = YES;
				CLANG_WARN_BLOCK_CAPTURE_AUTORELEASING = YES;
				CLANG_WARN_BOOL_CONVERSION = YES;
				CLANG_WARN_COMMA = YES;
				CLANG_WARN_CONSTANT_CONVERSION = YES;
				CLANG_WARN_DEPRECATED_OBJC_IMPLEMENTATIONS = YES;
				CLANG_WARN_DIRECT_OBJC_ISA_USAGE = YES_ERROR;
				CLANG_WARN_DOCUMENTATION_COMMENTS = YES;
				CLANG_WARN_EMPTY_BODY = YES;
				CLANG_WARN_ENUM_CONVERSION = YES;
				CLANG_WARN_INFINITE_RECURSION = YES;
				CLANG_WARN_INT_CONVERSION = YES;
				CLANG_WARN_NON_LITERAL_NULL_CONVERSION = YES;
				CLANG_WARN_OBJC_IMPLICIT_RETAIN_SELF = YES;
				CLANG_WARN_OBJC_LITERAL_CONVERSION = YES;
				CLANG_WARN_OBJC_ROOT_CLASS = YES_ERROR;
				CLANG_WARN_QUOTED_INCLUDE_IN_FRAMEWORK_HEADER = YES;
				CLANG_WARN_RANGE_LOOP_ANALYSIS = YES;
				CLANG_WARN_STRICT_PROTOTYPES = YES;
				CLANG_WARN_SUSPICIOUS_MOVE = YES;
				CLANG_WARN_UNGUARDED_AVAILABILITY = YES_AGGRESSIVE;
				CLANG_WARN_UNREACHABLE_CODE = YES;
				CLANG_WARN__DUPLICATE_METHOD_MATCH = YES;
				COPY_PHASE_STRIP = NO;
				DEBUG_INFORMATION_FORMAT = "dwarf-with-dsym";
				ENABLE_NS_ASSERTIONS = NO;
				ENABLE_STRICT_OBJC_MSGSEND = YES;
				ENABLE_USER_SCRIPT_SANDBOXING = YES;
				GCC_C_LANGUAGE_STANDARD = gnu17;
				GCC_NO_COMMON_BLOCKS = YES;
				GCC_WARN_64_TO_32_BIT_CONVERSION = YES;
				GCC_WARN_ABOUT_RETURN_TYPE = YES_ERROR;
				GCC_WARN_UNDECLARED_SELECTOR = YES;
				GCC_WARN_UNINITIALIZED_AUTOS = YES_AGGRESSIVE;
				GCC_WARN_UNUSED_FUNCTION = YES;
				GCC_WARN_UNUSED_VARIABLE = YES;
				IPHONEOS_DEPLOYMENT_TARGET = 18.4;
				LOCALIZATION_PREFERS_STRING_CATALOGS = YES;
				MTL_ENABLE_DEBUG_INFO = NO;
				MTL_FAST_MATH = YES;
				SDKROOT = iphoneos;
				SWIFT_COMPILATION_MODE = wholemodule;
				VALIDATE_PRODUCT = YES;
			};
			name = Release;
		};
		7871F7D42DFAAA52008F1026 /* Debug */ = {
			isa = XCBuildConfiguration;
			buildSettings = {
				ASSETCATALOG_COMPILER_APPICON_NAME = AppIcon;
				ASSETCATALOG_COMPILER_GLOBAL_ACCENT_COLOR_NAME = AccentColor;
				CODE_SIGN_STYLE = Automatic;
				CURRENT_PROJECT_VERSION = 1;
				DEVELOPMENT_TEAM = PB52GQ6G5U;
				ENABLE_PREVIEWS = YES;
				GENERATE_INFOPLIST_FILE = YES;
				INFOPLIST_FILE = "Horror-Game-Info.plist";
				INFOPLIST_KEY_UIApplicationSceneManifest_Generation = YES;
				INFOPLIST_KEY_UIApplicationSupportsIndirectInputEvents = YES;
				INFOPLIST_KEY_UILaunchScreen_Generation = YES;
				INFOPLIST_KEY_UISupportedInterfaceOrientations_iPad = "UIInterfaceOrientationPortrait UIInterfaceOrientationPortraitUpsideDown UIInterfaceOrientationLandscapeLeft UIInterfaceOrientationLandscapeRight";
				INFOPLIST_KEY_UISupportedInterfaceOrientations_iPhone = "UIInterfaceOrientationPortrait UIInterfaceOrientationLandscapeLeft UIInterfaceOrientationLandscapeRight";
				IPHONEOS_DEPLOYMENT_TARGET = 18.0;
				LD_RUNPATH_SEARCH_PATHS = (
					"$(inherited)",
					"@executable_path/Frameworks",
				);
				MARKETING_VERSION = 1.0;
				PRODUCT_BUNDLE_IDENTIFIER = "com.habishek.Horror-Game";
				PRODUCT_NAME = "$(TARGET_NAME)";
				SWIFT_EMIT_LOC_STRINGS = YES;
				SWIFT_VERSION = 5.0;
				TARGETED_DEVICE_FAMILY = "1,2";
			};
			name = Debug;
		};
		7871F7D52DFAAA52008F1026 /* Release */ = {
			isa = XCBuildConfiguration;
			buildSettings = {
				ASSETCATALOG_COMPILER_APPICON_NAME = AppIcon;
				ASSETCATALOG_COMPILER_GLOBAL_ACCENT_COLOR_NAME = AccentColor;
				CODE_SIGN_STYLE = Automatic;
				CURRENT_PROJECT_VERSION = 1;
				DEVELOPMENT_TEAM = PB52GQ6G5U;
				ENABLE_PREVIEWS = YES;
				GENERATE_INFOPLIST_FILE = YES;
				INFOPLIST_FILE = "Horror-Game-Info.plist";
				INFOPLIST_KEY_UIApplicationSceneManifest_Generation = YES;
				INFOPLIST_KEY_UIApplicationSupportsIndirectInputEvents = YES;
				INFOPLIST_KEY_UILaunchScreen_Generation = YES;
				INFOPLIST_KEY_UISupportedInterfaceOrientations_iPad = "UIInterfaceOrientationPortrait UIInterfaceOrientationPortraitUpsideDown UIInterfaceOrientationLandscapeLeft UIInterfaceOrientationLandscapeRight";
				INFOPLIST_KEY_UISupportedInterfaceOrientations_iPhone = "UIInterfaceOrientationPortrait UIInterfaceOrientationLandscapeLeft UIInterfaceOrientationLandscapeRight";
				IPHONEOS_DEPLOYMENT_TARGET = 18.0;
				LD_RUNPATH_SEARCH_PATHS = (
					"$(inherited)",
					"@executable_path/Frameworks",
				);
				MARKETING_VERSION = 1.0;
				PRODUCT_BUNDLE_IDENTIFIER = "com.habishek.Horror-Game";
				PRODUCT_NAME = "$(TARGET_NAME)";
				SWIFT_EMIT_LOC_STRINGS = YES;
				SWIFT_VERSION = 5.0;
				TARGETED_DEVICE_FAMILY = "1,2";
			};
			name = Release;
		};
		7871F7D72DFAAA52008F1026 /* Debug */ = {
			isa = XCBuildConfiguration;
			buildSettings = {
				BUNDLE_LOADER = "$(TEST_HOST)";
				CODE_SIGN_STYLE = Automatic;
				CURRENT_PROJECT_VERSION = 1;
				GENERATE_INFOPLIST_FILE = YES;
				IPHONEOS_DEPLOYMENT_TARGET = 18.4;
				MARKETING_VERSION = 1.0;
				PRODUCT_BUNDLE_IDENTIFIER = "com.habishek.Horror-GameTests";
				PRODUCT_NAME = "$(TARGET_NAME)";
				SWIFT_EMIT_LOC_STRINGS = NO;
				SWIFT_VERSION = 5.0;
				TARGETED_DEVICE_FAMILY = "1,2";
				TEST_HOST = "$(BUILT_PRODUCTS_DIR)/Horror Game.app/$(BUNDLE_EXECUTABLE_FOLDER_PATH)/Horror Game";
			};
			name = Debug;
		};
		7871F7D82DFAAA52008F1026 /* Release */ = {
			isa = XCBuildConfiguration;
			buildSettings = {
				BUNDLE_LOADER = "$(TEST_HOST)";
				CODE_SIGN_STYLE = Automatic;
				CURRENT_PROJECT_VERSION = 1;
				GENERATE_INFOPLIST_FILE = YES;
				IPHONEOS_DEPLOYMENT_TARGET = 18.4;
				MARKETING_VERSION = 1.0;
				PRODUCT_BUNDLE_IDENTIFIER = "com.habishek.Horror-GameTests";
				PRODUCT_NAME = "$(TARGET_NAME)";
				SWIFT_EMIT_LOC_STRINGS = NO;
				SWIFT_VERSION = 5.0;
				TARGETED_DEVICE_FAMILY = "1,2";
				TEST_HOST = "$(BUILT_PRODUCTS_DIR)/Horror Game.app/$(BUNDLE_EXECUTABLE_FOLDER_PATH)/Horror Game";
			};
			name = Release;
		};
		7871F7DA2DFAAA52008F1026 /* Debug */ = {
			isa = XCBuildConfiguration;
			buildSettings = {
				CODE_SIGN_STYLE = Automatic;
				CURRENT_PROJECT_VERSION = 1;
				GENERATE_INFOPLIST_FILE = YES;
				MARKETING_VERSION = 1.0;
				PRODUCT_BUNDLE_IDENTIFIER = "com.habishek.Horror-GameUITests";
				PRODUCT_NAME = "$(TARGET_NAME)";
				SWIFT_EMIT_LOC_STRINGS = NO;
				SWIFT_VERSION = 5.0;
				TARGETED_DEVICE_FAMILY = "1,2";
				TEST_TARGET_NAME = "Horror Game";
			};
			name = Debug;
		};
		7871F7DB2DFAAA52008F1026 /* Release */ = {
			isa = XCBuildConfiguration;
			buildSettings = {
				CODE_SIGN_STYLE = Automatic;
				CURRENT_PROJECT_VERSION = 1;
				GENERATE_INFOPLIST_FILE = YES;
				MARKETING_VERSION = 1.0;
				PRODUCT_BUNDLE_IDENTIFIER = "com.habishek.Horror-GameUITests";
				PRODUCT_NAME = "$(TARGET_NAME)";
				SWIFT_EMIT_LOC_STRINGS = NO;
				SWIFT_VERSION = 5.0;
				TARGETED_DEVICE_FAMILY = "1,2";
				TEST_TARGET_NAME = "Horror Game";
			};
			name = Release;
		};
/* End XCBuildConfiguration section */

/* Begin XCConfigurationList section */
		7871F7AD2DFAAA50008F1026 /* Build configuration list for PBXProject "Horror Game" */ = {
			isa = XCConfigurationList;
			buildConfigurations = (
				7871F7D12DFAAA52008F1026 /* Debug */,
				7871F7D22DFAAA52008F1026 /* Release */,
			);
			defaultConfigurationIsVisible = 0;
			defaultConfigurationName = Release;
		};
		7871F7D32DFAAA52008F1026 /* Build configuration list for PBXNativeTarget "Horror Game" */ = {
			isa = XCConfigurationList;
			buildConfigurations = (
				7871F7D42DFAAA52008F1026 /* Debug */,
				7871F7D52DFAAA52008F1026 /* Release */,
			);
			defaultConfigurationIsVisible = 0;
			defaultConfigurationName = Release;
		};
		7871F7D62DFAAA52008F1026 /* Build configuration list for PBXNativeTarget "Horror GameTests" */ = {
			isa = XCConfigurationList;
			buildConfigurations = (
				7871F7D72DFAAA52008F1026 /* Debug */,
				7871F7D82DFAAA52008F1026 /* Release */,
			);
			defaultConfigurationIsVisible = 0;
			defaultConfigurationName = Release;
		};
		7871F7D92DFAAA52008F1026 /* Build configuration list for PBXNativeTarget "Horror GameUITests" */ = {
			isa = XCConfigurationList;
			buildConfigurations = (
				7871F7DA2DFAAA52008F1026 /* Debug */,
				7871F7DB2DFAAA52008F1026 /* Release */,
			);
			defaultConfigurationIsVisible = 0;
			defaultConfigurationName = Release;
		};
/* End XCConfigurationList section */
	};
	rootObject = 7871F7AA2DFAAA50008F1026 /* Project object */;
}
